// !$*UTF8*$!
{
	archiveVersion = 1;
	classes = {
	};
	objectVersion = 51;
	objects = {

/* Begin PBXBuildFile section */
		6334FDEC230A90D5003E8D25 /* Episode.swift in Sources */ = {isa = PBXBuildFile; fileRef = 6334FDEB230A90D5003E8D25 /* Episode.swift */; };
		6334FDEE230A954F003E8D25 /* PagedInfoEpisode.swift in Sources */ = {isa = PBXBuildFile; fileRef = 6334FDED230A954F003E8D25 /* PagedInfoEpisode.swift */; };
		6334FDF0230A9607003E8D25 /* PagedInfoLocation.swift in Sources */ = {isa = PBXBuildFile; fileRef = 6334FDEF230A9607003E8D25 /* PagedInfoLocation.swift */; };
		6334FDF2230A97AC003E8D25 /* EpisodeCollectionViewController.swift in Sources */ = {isa = PBXBuildFile; fileRef = 6334FDF1230A97AC003E8D25 /* EpisodeCollectionViewController.swift */; };
		6334FDF4230AAD0F003E8D25 /* EpisodeCollectionViewCell.swift in Sources */ = {isa = PBXBuildFile; fileRef = 6334FDF3230AAD0F003E8D25 /* EpisodeCollectionViewCell.swift */; };
		6334FDF6230AC12A003E8D25 /* LocationCollectionViewCell.swift in Sources */ = {isa = PBXBuildFile; fileRef = 6334FDF5230AC12A003E8D25 /* LocationCollectionViewCell.swift */; };
		6334FDF8230AC14A003E8D25 /* LocationCollectionViewController.swift in Sources */ = {isa = PBXBuildFile; fileRef = 6334FDF7230AC14A003E8D25 /* LocationCollectionViewController.swift */; };
		6335142B230E84750042AEF3 /* CharacterPresenter.swift in Sources */ = {isa = PBXBuildFile; fileRef = 6335142A230E84750042AEF3 /* CharacterPresenter.swift */; };
		6335142D230E95D30042AEF3 /* EpisodePresenter.swift in Sources */ = {isa = PBXBuildFile; fileRef = 6335142C230E95D30042AEF3 /* EpisodePresenter.swift */; };
		6335142F230E95E10042AEF3 /* LocationPresenter.swift in Sources */ = {isa = PBXBuildFile; fileRef = 6335142E230E95E10042AEF3 /* LocationPresenter.swift */; };
		63351431230EA9910042AEF3 /* User.swift in Sources */ = {isa = PBXBuildFile; fileRef = 63351430230EA9910042AEF3 /* User.swift */; };
		6335143523100D5B0042AEF3 /* ViewController.swift in Sources */ = {isa = PBXBuildFile; fileRef = 8454D9ED2303DCAD000982C1 /* ViewController.swift */; };
		6335143623100D5B0042AEF3 /* EpisodePresenter.swift in Sources */ = {isa = PBXBuildFile; fileRef = 6335142C230E95D30042AEF3 /* EpisodePresenter.swift */; };
		6335143723100D5B0042AEF3 /* Episode.swift in Sources */ = {isa = PBXBuildFile; fileRef = 6334FDEB230A90D5003E8D25 /* Episode.swift */; };
		6335143823100D5B0042AEF3 /* IdentifiableCell.swift in Sources */ = {isa = PBXBuildFile; fileRef = 8454DA022303E214000982C1 /* IdentifiableCell.swift */; };
		6335143923100D5B0042AEF3 /* PagedInfoLocation.swift in Sources */ = {isa = PBXBuildFile; fileRef = 6334FDEF230A9607003E8D25 /* PagedInfoLocation.swift */; };
		6335143A23100D5B0042AEF3 /* EpisodeCollectionViewController.swift in Sources */ = {isa = PBXBuildFile; fileRef = 6334FDF1230A97AC003E8D25 /* EpisodeCollectionViewController.swift */; };
		6335143B23100D5B0042AEF3 /* CharacterPresenter.swift in Sources */ = {isa = PBXBuildFile; fileRef = 6335142A230E84750042AEF3 /* CharacterPresenter.swift */; };
		6335143C23100D5B0042AEF3 /* FirebaseController.swift in Sources */ = {isa = PBXBuildFile; fileRef = 63CC202B230D1DE600A81E9A /* FirebaseController.swift */; };
		6335143D23100D5B0042AEF3 /* Location.swift in Sources */ = {isa = PBXBuildFile; fileRef = 84F9B90523043A510028F297 /* Location.swift */; };
		6335143E23100D5B0042AEF3 /* LocationCollectionViewController.swift in Sources */ = {isa = PBXBuildFile; fileRef = 6334FDF7230AC14A003E8D25 /* LocationCollectionViewController.swift */; };
		6335143F23100D5B0042AEF3 /* LocationCollectionViewCell.swift in Sources */ = {isa = PBXBuildFile; fileRef = 6334FDF5230AC12A003E8D25 /* LocationCollectionViewCell.swift */; };
		6335144023100D5B0042AEF3 /* CharacterTableViewController.swift in Sources */ = {isa = PBXBuildFile; fileRef = 84F9B8FD23041F4F0028F297 /* CharacterTableViewController.swift */; };
		6335144123100D5B0042AEF3 /* CharacterTableViewCell.swift in Sources */ = {isa = PBXBuildFile; fileRef = 8454DA0D2303E642000982C1 /* CharacterTableViewCell.swift */; };
		6335144223100D5B0042AEF3 /* PagedInfoEpisode.swift in Sources */ = {isa = PBXBuildFile; fileRef = 6334FDED230A954F003E8D25 /* PagedInfoEpisode.swift */; };
		6335144323100D5B0042AEF3 /* Character.swift in Sources */ = {isa = PBXBuildFile; fileRef = 8454DA0B2303E427000982C1 /* Character.swift */; };
		6335144423100D5B0042AEF3 /* LocationPresenter.swift in Sources */ = {isa = PBXBuildFile; fileRef = 6335142E230E95E10042AEF3 /* LocationPresenter.swift */; };
		6335144523100D5B0042AEF3 /* PagedInfoController.swift in Sources */ = {isa = PBXBuildFile; fileRef = 84F9B901230421750028F297 /* PagedInfoController.swift */; };
		6335144623100D5B0042AEF3 /* AppDelegate.swift in Sources */ = {isa = PBXBuildFile; fileRef = 8454D9EB2303DCAD000982C1 /* AppDelegate.swift */; };
		6335144723100D5B0042AEF3 /* FirebaseRegisterViewController.swift in Sources */ = {isa = PBXBuildFile; fileRef = 63CC2029230C0D1200A81E9A /* FirebaseRegisterViewController.swift */; };
		6335144823100D5B0042AEF3 /* EpisodeCollectionViewCell.swift in Sources */ = {isa = PBXBuildFile; fileRef = 6334FDF3230AAD0F003E8D25 /* EpisodeCollectionViewCell.swift */; };
		6335144923100D5B0042AEF3 /* CharacterDetailTableViewController.swift in Sources */ = {isa = PBXBuildFile; fileRef = 84F9B903230438FF0028F297 /* CharacterDetailTableViewController.swift */; };
		6335144A23100D5B0042AEF3 /* PagedInfoCharacter.swift in Sources */ = {isa = PBXBuildFile; fileRef = 8454DA112303F6C6000982C1 /* PagedInfoCharacter.swift */; };
		6335144B23100D5B0042AEF3 /* User.swift in Sources */ = {isa = PBXBuildFile; fileRef = 63351430230EA9910042AEF3 /* User.swift */; };
		6335144D23100D5B0042AEF3 /* Pods_RickAndMorty.framework in Frameworks */ = {isa = PBXBuildFile; fileRef = 345837327BE2BC1A0F60165E /* Pods_RickAndMorty.framework */; };
		6335144F23100D5B0042AEF3 /* LaunchScreen.storyboard in Resources */ = {isa = PBXBuildFile; fileRef = 8454D9F42303DCAD000982C1 /* LaunchScreen.storyboard */; };
		6335145023100D5B0042AEF3 /* GoogleService-Info.plist in Resources */ = {isa = PBXBuildFile; fileRef = 63CC2027230BF87100A81E9A /* GoogleService-Info.plist */; };
		6335145123100D5B0042AEF3 /* Main.storyboard in Resources */ = {isa = PBXBuildFile; fileRef = 8454D9EF2303DCAD000982C1 /* Main.storyboard */; };
		6335145223100D5B0042AEF3 /* CharacterTableViewCell.xib in Resources */ = {isa = PBXBuildFile; fileRef = 8454DA0E2303E642000982C1 /* CharacterTableViewCell.xib */; };
		63351462231010100042AEF3 /* Assets.xcassets in Resources */ = {isa = PBXBuildFile; fileRef = 63CC202D230D615A00A81E9A /* Assets.xcassets */; };
		63CC2028230BF87100A81E9A /* GoogleService-Info.plist in Resources */ = {isa = PBXBuildFile; fileRef = 63CC2027230BF87100A81E9A /* GoogleService-Info.plist */; };
		63CC202A230C0D1200A81E9A /* FirebaseRegisterViewController.swift in Sources */ = {isa = PBXBuildFile; fileRef = 63CC2029230C0D1200A81E9A /* FirebaseRegisterViewController.swift */; };
		63CC202C230D1DE600A81E9A /* FirebaseController.swift in Sources */ = {isa = PBXBuildFile; fileRef = 63CC202B230D1DE600A81E9A /* FirebaseController.swift */; };
		8454D9EC2303DCAD000982C1 /* AppDelegate.swift in Sources */ = {isa = PBXBuildFile; fileRef = 8454D9EB2303DCAD000982C1 /* AppDelegate.swift */; };
		8454D9EE2303DCAD000982C1 /* ViewController.swift in Sources */ = {isa = PBXBuildFile; fileRef = 8454D9ED2303DCAD000982C1 /* ViewController.swift */; };
		8454D9F12303DCAD000982C1 /* Main.storyboard in Resources */ = {isa = PBXBuildFile; fileRef = 8454D9EF2303DCAD000982C1 /* Main.storyboard */; };
		8454D9F62303DCAD000982C1 /* LaunchScreen.storyboard in Resources */ = {isa = PBXBuildFile; fileRef = 8454D9F42303DCAD000982C1 /* LaunchScreen.storyboard */; };
		8454DA032303E214000982C1 /* IdentifiableCell.swift in Sources */ = {isa = PBXBuildFile; fileRef = 8454DA022303E214000982C1 /* IdentifiableCell.swift */; };
		8454DA0C2303E427000982C1 /* Character.swift in Sources */ = {isa = PBXBuildFile; fileRef = 8454DA0B2303E427000982C1 /* Character.swift */; };
		8454DA0F2303E642000982C1 /* CharacterTableViewCell.swift in Sources */ = {isa = PBXBuildFile; fileRef = 8454DA0D2303E642000982C1 /* CharacterTableViewCell.swift */; };
		8454DA102303E642000982C1 /* CharacterTableViewCell.xib in Resources */ = {isa = PBXBuildFile; fileRef = 8454DA0E2303E642000982C1 /* CharacterTableViewCell.xib */; };
		8454DA122303F6C6000982C1 /* PagedInfoCharacter.swift in Sources */ = {isa = PBXBuildFile; fileRef = 8454DA112303F6C6000982C1 /* PagedInfoCharacter.swift */; };
		84F9B8FE23041F4F0028F297 /* CharacterTableViewController.swift in Sources */ = {isa = PBXBuildFile; fileRef = 84F9B8FD23041F4F0028F297 /* CharacterTableViewController.swift */; };
		84F9B902230421750028F297 /* PagedInfoController.swift in Sources */ = {isa = PBXBuildFile; fileRef = 84F9B901230421750028F297 /* PagedInfoController.swift */; };
		84F9B904230438FF0028F297 /* CharacterDetailTableViewController.swift in Sources */ = {isa = PBXBuildFile; fileRef = 84F9B903230438FF0028F297 /* CharacterDetailTableViewController.swift */; };
		84F9B90623043A510028F297 /* Location.swift in Sources */ = {isa = PBXBuildFile; fileRef = 84F9B90523043A510028F297 /* Location.swift */; };
		E0AD6C9966A7D6D60C1C1256 /* Pods_RickAndMorty.framework in Frameworks */ = {isa = PBXBuildFile; fileRef = 345837327BE2BC1A0F60165E /* Pods_RickAndMorty.framework */; };
/* End PBXBuildFile section */

/* Begin PBXFileReference section */
		345837327BE2BC1A0F60165E /* Pods_RickAndMorty.framework */ = {isa = PBXFileReference; explicitFileType = wrapper.framework; includeInIndex = 0; path = Pods_RickAndMorty.framework; sourceTree = BUILT_PRODUCTS_DIR; };
		5408EC4715534EF18388C059 /* Pods-RickAndMorty.release.xcconfig */ = {isa = PBXFileReference; includeInIndex = 1; lastKnownFileType = text.xcconfig; name = "Pods-RickAndMorty.release.xcconfig"; path = "Target Support Files/Pods-RickAndMorty/Pods-RickAndMorty.release.xcconfig"; sourceTree = "<group>"; };
		5BE6E3185024FFE5F7A27EDC /* Pods-RickAndMorty.debug.xcconfig */ = {isa = PBXFileReference; includeInIndex = 1; lastKnownFileType = text.xcconfig; name = "Pods-RickAndMorty.debug.xcconfig"; path = "Target Support Files/Pods-RickAndMorty/Pods-RickAndMorty.debug.xcconfig"; sourceTree = "<group>"; };
		6334FDEB230A90D5003E8D25 /* Episode.swift */ = {isa = PBXFileReference; lastKnownFileType = sourcecode.swift; path = Episode.swift; sourceTree = "<group>"; };
		6334FDED230A954F003E8D25 /* PagedInfoEpisode.swift */ = {isa = PBXFileReference; fileEncoding = 4; lastKnownFileType = sourcecode.swift; path = PagedInfoEpisode.swift; sourceTree = "<group>"; };
		6334FDEF230A9607003E8D25 /* PagedInfoLocation.swift */ = {isa = PBXFileReference; fileEncoding = 4; lastKnownFileType = sourcecode.swift; path = PagedInfoLocation.swift; sourceTree = "<group>"; };
		6334FDF1230A97AC003E8D25 /* EpisodeCollectionViewController.swift */ = {isa = PBXFileReference; lastKnownFileType = sourcecode.swift; path = EpisodeCollectionViewController.swift; sourceTree = "<group>"; };
		6334FDF3230AAD0F003E8D25 /* EpisodeCollectionViewCell.swift */ = {isa = PBXFileReference; lastKnownFileType = sourcecode.swift; path = EpisodeCollectionViewCell.swift; sourceTree = "<group>"; };
		6334FDF5230AC12A003E8D25 /* LocationCollectionViewCell.swift */ = {isa = PBXFileReference; fileEncoding = 4; lastKnownFileType = sourcecode.swift; path = LocationCollectionViewCell.swift; sourceTree = "<group>"; };
		6334FDF7230AC14A003E8D25 /* LocationCollectionViewController.swift */ = {isa = PBXFileReference; fileEncoding = 4; lastKnownFileType = sourcecode.swift; path = LocationCollectionViewController.swift; sourceTree = "<group>"; };
		6335142A230E84750042AEF3 /* CharacterPresenter.swift */ = {isa = PBXFileReference; lastKnownFileType = sourcecode.swift; path = CharacterPresenter.swift; sourceTree = "<group>"; };
		6335142C230E95D30042AEF3 /* EpisodePresenter.swift */ = {isa = PBXFileReference; lastKnownFileType = sourcecode.swift; path = EpisodePresenter.swift; sourceTree = "<group>"; };
		6335142E230E95E10042AEF3 /* LocationPresenter.swift */ = {isa = PBXFileReference; lastKnownFileType = sourcecode.swift; path = LocationPresenter.swift; sourceTree = "<group>"; };
		63351430230EA9910042AEF3 /* User.swift */ = {isa = PBXFileReference; lastKnownFileType = sourcecode.swift; path = User.swift; sourceTree = "<group>"; };
		6335145823100D5B0042AEF3 /* RickAndMortyMVP-debug.app */ = {isa = PBXFileReference; explicitFileType = wrapper.application; includeInIndex = 0; path = "RickAndMortyMVP-debug.app"; sourceTree = BUILT_PRODUCTS_DIR; };
		6335145923100D5C0042AEF3 /* RickAndMortyMVP copy-Info.plist */ = {isa = PBXFileReference; lastKnownFileType = text.plist.xml; name = "RickAndMortyMVP copy-Info.plist"; path = "/Users/s6402rs/Documents/RickAndMortyMVP/RickAndMortyMVP copy-Info.plist"; sourceTree = "<absolute>"; };
		63CC2027230BF87100A81E9A /* GoogleService-Info.plist */ = {isa = PBXFileReference; fileEncoding = 4; lastKnownFileType = text.plist.xml; path = "GoogleService-Info.plist"; sourceTree = "<group>"; };
		63CC2029230C0D1200A81E9A /* FirebaseRegisterViewController.swift */ = {isa = PBXFileReference; lastKnownFileType = sourcecode.swift; path = FirebaseRegisterViewController.swift; sourceTree = "<group>"; };
		63CC202B230D1DE600A81E9A /* FirebaseController.swift */ = {isa = PBXFileReference; lastKnownFileType = sourcecode.swift; path = FirebaseController.swift; sourceTree = "<group>"; };
		63CC202D230D615A00A81E9A /* Assets.xcassets */ = {isa = PBXFileReference; lastKnownFileType = folder.assetcatalog; path = Assets.xcassets; sourceTree = "<group>"; };
		8454D9E82303DCAD000982C1 /* RickAndMortyMVP.app */ = {isa = PBXFileReference; explicitFileType = wrapper.application; includeInIndex = 0; path = RickAndMortyMVP.app; sourceTree = BUILT_PRODUCTS_DIR; };
		8454D9EB2303DCAD000982C1 /* AppDelegate.swift */ = {isa = PBXFileReference; lastKnownFileType = sourcecode.swift; path = AppDelegate.swift; sourceTree = "<group>"; };
		8454D9ED2303DCAD000982C1 /* ViewController.swift */ = {isa = PBXFileReference; lastKnownFileType = sourcecode.swift; path = ViewController.swift; sourceTree = "<group>"; };
		8454D9F02303DCAD000982C1 /* Base */ = {isa = PBXFileReference; lastKnownFileType = file.storyboard; name = Base; path = Base.lproj/Main.storyboard; sourceTree = "<group>"; };
		8454D9F52303DCAD000982C1 /* Base */ = {isa = PBXFileReference; lastKnownFileType = file.storyboard; name = Base; path = Base.lproj/LaunchScreen.storyboard; sourceTree = "<group>"; };
		8454D9F72303DCAD000982C1 /* Info.plist */ = {isa = PBXFileReference; lastKnownFileType = text.plist.xml; path = Info.plist; sourceTree = "<group>"; };
		8454DA022303E214000982C1 /* IdentifiableCell.swift */ = {isa = PBXFileReference; lastKnownFileType = sourcecode.swift; path = IdentifiableCell.swift; sourceTree = "<group>"; };
		8454DA0B2303E427000982C1 /* Character.swift */ = {isa = PBXFileReference; lastKnownFileType = sourcecode.swift; path = Character.swift; sourceTree = "<group>"; };
		8454DA0D2303E642000982C1 /* CharacterTableViewCell.swift */ = {isa = PBXFileReference; lastKnownFileType = sourcecode.swift; path = CharacterTableViewCell.swift; sourceTree = "<group>"; };
		8454DA0E2303E642000982C1 /* CharacterTableViewCell.xib */ = {isa = PBXFileReference; lastKnownFileType = file.xib; path = CharacterTableViewCell.xib; sourceTree = "<group>"; };
		8454DA112303F6C6000982C1 /* PagedInfoCharacter.swift */ = {isa = PBXFileReference; lastKnownFileType = sourcecode.swift; path = PagedInfoCharacter.swift; sourceTree = "<group>"; };
		84F9B8FD23041F4F0028F297 /* CharacterTableViewController.swift */ = {isa = PBXFileReference; lastKnownFileType = sourcecode.swift; path = CharacterTableViewController.swift; sourceTree = "<group>"; };
		84F9B901230421750028F297 /* PagedInfoController.swift */ = {isa = PBXFileReference; lastKnownFileType = sourcecode.swift; path = PagedInfoController.swift; sourceTree = "<group>"; };
		84F9B903230438FF0028F297 /* CharacterDetailTableViewController.swift */ = {isa = PBXFileReference; lastKnownFileType = sourcecode.swift; path = CharacterDetailTableViewController.swift; sourceTree = "<group>"; };
		84F9B90523043A510028F297 /* Location.swift */ = {isa = PBXFileReference; lastKnownFileType = sourcecode.swift; path = Location.swift; sourceTree = "<group>"; };
/* End PBXFileReference section */

/* Begin PBXFrameworksBuildPhase section */
		6335144C23100D5B0042AEF3 /* Frameworks */ = {
			isa = PBXFrameworksBuildPhase;
			buildActionMask = 2147483647;
			files = (
				6335144D23100D5B0042AEF3 /* Pods_RickAndMorty.framework in Frameworks */,
			);
			runOnlyForDeploymentPostprocessing = 0;
		};
		8454D9E52303DCAD000982C1 /* Frameworks */ = {
			isa = PBXFrameworksBuildPhase;
			buildActionMask = 2147483647;
			files = (
				E0AD6C9966A7D6D60C1C1256 /* Pods_RickAndMorty.framework in Frameworks */,
			);
			runOnlyForDeploymentPostprocessing = 0;
		};
/* End PBXFrameworksBuildPhase section */

/* Begin PBXGroup section */
		63351429230E845F0042AEF3 /* Presenters */ = {
			isa = PBXGroup;
			children = (
				6335142A230E84750042AEF3 /* CharacterPresenter.swift */,
				6335142C230E95D30042AEF3 /* EpisodePresenter.swift */,
				6335142E230E95E10042AEF3 /* LocationPresenter.swift */,
			);
			path = Presenters;
			sourceTree = "<group>";
		};
		8454D9DF2303DCAD000982C1 = {
			isa = PBXGroup;
			children = (
				8454D9EA2303DCAD000982C1 /* RickAndMortyMVP */,
				8454D9E92303DCAD000982C1 /* Products */,
				98B670B24997F3ABF14BBFC2 /* Pods */,
				E294DCF5C2F5831A7654FAF3 /* Frameworks */,
				6335145923100D5C0042AEF3 /* RickAndMortyMVP copy-Info.plist */,
			);
			sourceTree = "<group>";
		};
		8454D9E92303DCAD000982C1 /* Products */ = {
			isa = PBXGroup;
			children = (
				8454D9E82303DCAD000982C1 /* RickAndMortyMVP.app */,
				6335145823100D5B0042AEF3 /* RickAndMortyMVP-debug.app */,
			);
			name = Products;
			sourceTree = "<group>";
		};
		8454D9EA2303DCAD000982C1 /* RickAndMortyMVP */ = {
			isa = PBXGroup;
			children = (
				63351429230E845F0042AEF3 /* Presenters */,
				8454DA012303E1F8000982C1 /* Helpers */,
				8454DA002303E1E2000982C1 /* Services */,
				8454D9FF2303E1D2000982C1 /* View Controllers */,
				8454D9FE2303E1CD000982C1 /* Models */,
				8454D9FD2303E1C5000982C1 /* Views */,
				8454D9EB2303DCAD000982C1 /* AppDelegate.swift */,
				8454D9ED2303DCAD000982C1 /* ViewController.swift */,
				8454D9EF2303DCAD000982C1 /* Main.storyboard */,
				63CC202D230D615A00A81E9A /* Assets.xcassets */,
				63CC2027230BF87100A81E9A /* GoogleService-Info.plist */,
				8454D9F42303DCAD000982C1 /* LaunchScreen.storyboard */,
				8454D9F72303DCAD000982C1 /* Info.plist */,
			);
			path = RickAndMortyMVP;
			sourceTree = "<group>";
		};
		8454D9FD2303E1C5000982C1 /* Views */ = {
			isa = PBXGroup;
			children = (
				8454DA0D2303E642000982C1 /* CharacterTableViewCell.swift */,
				8454DA0E2303E642000982C1 /* CharacterTableViewCell.xib */,
			);
			path = Views;
			sourceTree = "<group>";
		};
		8454D9FE2303E1CD000982C1 /* Models */ = {
			isa = PBXGroup;
			children = (
				8454DA0B2303E427000982C1 /* Character.swift */,
				8454DA112303F6C6000982C1 /* PagedInfoCharacter.swift */,
				6334FDED230A954F003E8D25 /* PagedInfoEpisode.swift */,
				6334FDEF230A9607003E8D25 /* PagedInfoLocation.swift */,
				84F9B90523043A510028F297 /* Location.swift */,
				6334FDEB230A90D5003E8D25 /* Episode.swift */,
				63351430230EA9910042AEF3 /* User.swift */,
			);
			path = Models;
			sourceTree = "<group>";
		};
		8454D9FF2303E1D2000982C1 /* View Controllers */ = {
			isa = PBXGroup;
			children = (
				84F9B8FD23041F4F0028F297 /* CharacterTableViewController.swift */,
				84F9B903230438FF0028F297 /* CharacterDetailTableViewController.swift */,
				6334FDF1230A97AC003E8D25 /* EpisodeCollectionViewController.swift */,
				6334FDF7230AC14A003E8D25 /* LocationCollectionViewController.swift */,
				6334FDF3230AAD0F003E8D25 /* EpisodeCollectionViewCell.swift */,
				6334FDF5230AC12A003E8D25 /* LocationCollectionViewCell.swift */,
				63CC2029230C0D1200A81E9A /* FirebaseRegisterViewController.swift */,
			);
			path = "View Controllers";
			sourceTree = "<group>";
		};
		8454DA002303E1E2000982C1 /* Services */ = {
			isa = PBXGroup;
			children = (
				84F9B901230421750028F297 /* PagedInfoController.swift */,
				63CC202B230D1DE600A81E9A /* FirebaseController.swift */,
			);
			path = Services;
			sourceTree = "<group>";
		};
		8454DA012303E1F8000982C1 /* Helpers */ = {
			isa = PBXGroup;
			children = (
				8454DA022303E214000982C1 /* IdentifiableCell.swift */,
			);
			path = Helpers;
			sourceTree = "<group>";
		};
		98B670B24997F3ABF14BBFC2 /* Pods */ = {
			isa = PBXGroup;
			children = (
				5BE6E3185024FFE5F7A27EDC /* Pods-RickAndMorty.debug.xcconfig */,
				5408EC4715534EF18388C059 /* Pods-RickAndMorty.release.xcconfig */,
			);
			path = Pods;
			sourceTree = "<group>";
		};
		E294DCF5C2F5831A7654FAF3 /* Frameworks */ = {
			isa = PBXGroup;
			children = (
				345837327BE2BC1A0F60165E /* Pods_RickAndMorty.framework */,
			);
			name = Frameworks;
			sourceTree = "<group>";
		};
/* End PBXGroup section */

/* Begin PBXNativeTarget section */
		6335143223100D5B0042AEF3 /* RickAndMortyMVP-debug */ = {
			isa = PBXNativeTarget;
			buildConfigurationList = 6335145523100D5B0042AEF3 /* Build configuration list for PBXNativeTarget "RickAndMortyMVP-debug" */;
			buildPhases = (
				6335143323100D5B0042AEF3 /* [CP] Check Pods Manifest.lock */,
				6335143423100D5B0042AEF3 /* Sources */,
				6335144C23100D5B0042AEF3 /* Frameworks */,
				6335144E23100D5B0042AEF3 /* Resources */,
				6335145423100D5B0042AEF3 /* [CP] Embed Pods Frameworks */,
			);
			buildRules = (
			);
			dependencies = (
			);
			name = "RickAndMortyMVP-debug";
			productName = RickAndMorty;
			productReference = 6335145823100D5B0042AEF3 /* RickAndMortyMVP-debug.app */;
			productType = "com.apple.product-type.application";
		};
		8454D9E72303DCAD000982C1 /* RickAndMortyMVP */ = {
			isa = PBXNativeTarget;
			buildConfigurationList = 8454D9FA2303DCAD000982C1 /* Build configuration list for PBXNativeTarget "RickAndMortyMVP" */;
			buildPhases = (
				08E575E05F13FD8A3B9B23E6 /* [CP] Check Pods Manifest.lock */,
				8454D9E42303DCAD000982C1 /* Sources */,
				8454D9E52303DCAD000982C1 /* Frameworks */,
				8454D9E62303DCAD000982C1 /* Resources */,
				6885E5274871D89E17323199 /* [CP] Embed Pods Frameworks */,
			);
			buildRules = (
			);
			dependencies = (
			);
			name = RickAndMortyMVP;
			productName = RickAndMorty;
			productReference = 8454D9E82303DCAD000982C1 /* RickAndMortyMVP.app */;
			productType = "com.apple.product-type.application";
		};
/* End PBXNativeTarget section */

/* Begin PBXProject section */
		8454D9E02303DCAD000982C1 /* Project object */ = {
			isa = PBXProject;
			attributes = {
				LastSwiftUpdateCheck = 1020;
				LastUpgradeCheck = 1020;
				ORGANIZATIONNAME = Usuario;
				TargetAttributes = {
					8454D9E72303DCAD000982C1 = {
						CreatedOnToolsVersion = 10.2.1;
					};
				};
			};
			buildConfigurationList = 8454D9E32303DCAD000982C1 /* Build configuration list for PBXProject "RickAndMortyMVP" */;
			compatibilityVersion = "Xcode 9.3";
			developmentRegion = en;
			hasScannedForEncodings = 0;
			knownRegions = (
				en,
				Base,
			);
			mainGroup = 8454D9DF2303DCAD000982C1;
			productRefGroup = 8454D9E92303DCAD000982C1 /* Products */;
			projectDirPath = "";
			projectRoot = "";
			targets = (
				8454D9E72303DCAD000982C1 /* RickAndMortyMVP */,
				6335143223100D5B0042AEF3 /* RickAndMortyMVP-debug */,
			);
		};
/* End PBXProject section */

/* Begin PBXResourcesBuildPhase section */
		6335144E23100D5B0042AEF3 /* Resources */ = {
			isa = PBXResourcesBuildPhase;
			buildActionMask = 2147483647;
			files = (
				6335144F23100D5B0042AEF3 /* LaunchScreen.storyboard in Resources */,
				6335145023100D5B0042AEF3 /* GoogleService-Info.plist in Resources */,
				6335145123100D5B0042AEF3 /* Main.storyboard in Resources */,
				6335145223100D5B0042AEF3 /* CharacterTableViewCell.xib in Resources */,
			);
			runOnlyForDeploymentPostprocessing = 0;
		};
		8454D9E62303DCAD000982C1 /* Resources */ = {
			isa = PBXResourcesBuildPhase;
			buildActionMask = 2147483647;
			files = (
				8454D9F62303DCAD000982C1 /* LaunchScreen.storyboard in Resources */,
				63CC2028230BF87100A81E9A /* GoogleService-Info.plist in Resources */,
				8454D9F12303DCAD000982C1 /* Main.storyboard in Resources */,
				8454DA102303E642000982C1 /* CharacterTableViewCell.xib in Resources */,
				63351462231010100042AEF3 /* Assets.xcassets in Resources */,
			);
			runOnlyForDeploymentPostprocessing = 0;
		};
/* End PBXResourcesBuildPhase section */

/* Begin PBXShellScriptBuildPhase section */
		08E575E05F13FD8A3B9B23E6 /* [CP] Check Pods Manifest.lock */ = {
			isa = PBXShellScriptBuildPhase;
			buildActionMask = 2147483647;
			files = (
			);
			inputFileListPaths = (
			);
			inputPaths = (
				"${PODS_PODFILE_DIR_PATH}/Podfile.lock",
				"${PODS_ROOT}/Manifest.lock",
			);
			name = "[CP] Check Pods Manifest.lock";
			outputFileListPaths = (
			);
			outputPaths = (
				"$(DERIVED_FILE_DIR)/Pods-RickAndMorty-checkManifestLockResult.txt",
			);
			runOnlyForDeploymentPostprocessing = 0;
			shellPath = /bin/sh;
			shellScript = "diff \"${PODS_PODFILE_DIR_PATH}/Podfile.lock\" \"${PODS_ROOT}/Manifest.lock\" > /dev/null\nif [ $? != 0 ] ; then\n    # print error to STDERR\n    echo \"error: The sandbox is not in sync with the Podfile.lock. Run 'pod install' or update your CocoaPods installation.\" >&2\n    exit 1\nfi\n# This output is used by Xcode 'outputs' to avoid re-running this script phase.\necho \"SUCCESS\" > \"${SCRIPT_OUTPUT_FILE_0}\"\n";
			showEnvVarsInLog = 0;
		};
		6335143323100D5B0042AEF3 /* [CP] Check Pods Manifest.lock */ = {
			isa = PBXShellScriptBuildPhase;
			buildActionMask = 2147483647;
			files = (
			);
			inputFileListPaths = (
			);
			inputPaths = (
				"${PODS_PODFILE_DIR_PATH}/Podfile.lock",
				"${PODS_ROOT}/Manifest.lock",
			);
			name = "[CP] Check Pods Manifest.lock";
			outputFileListPaths = (
			);
			outputPaths = (
				"$(DERIVED_FILE_DIR)/Pods-RickAndMorty-checkManifestLockResult.txt",
			);
			runOnlyForDeploymentPostprocessing = 0;
			shellPath = /bin/sh;
			shellScript = "diff \"${PODS_PODFILE_DIR_PATH}/Podfile.lock\" \"${PODS_ROOT}/Manifest.lock\" > /dev/null\nif [ $? != 0 ] ; then\n    # print error to STDERR\n    echo \"error: The sandbox is not in sync with the Podfile.lock. Run 'pod install' or update your CocoaPods installation.\" >&2\n    exit 1\nfi\n# This output is used by Xcode 'outputs' to avoid re-running this script phase.\necho \"SUCCESS\" > \"${SCRIPT_OUTPUT_FILE_0}\"\n";
			showEnvVarsInLog = 0;
		};
		6335145423100D5B0042AEF3 /* [CP] Embed Pods Frameworks */ = {
			isa = PBXShellScriptBuildPhase;
			buildActionMask = 2147483647;
			files = (
			);
			inputFileListPaths = (
				"${PODS_ROOT}/Target Support Files/Pods-RickAndMorty/Pods-RickAndMorty-frameworks-${CONFIGURATION}-input-files.xcfilelist",
			);
			name = "[CP] Embed Pods Frameworks";
			outputFileListPaths = (
				"${PODS_ROOT}/Target Support Files/Pods-RickAndMorty/Pods-RickAndMorty-frameworks-${CONFIGURATION}-output-files.xcfilelist",
			);
			runOnlyForDeploymentPostprocessing = 0;
			shellPath = /bin/sh;
			shellScript = "\"${PODS_ROOT}/Target Support Files/Pods-RickAndMorty/Pods-RickAndMorty-frameworks.sh\"\n";
			showEnvVarsInLog = 0;
		};
		6885E5274871D89E17323199 /* [CP] Embed Pods Frameworks */ = {
			isa = PBXShellScriptBuildPhase;
			buildActionMask = 2147483647;
			files = (
			);
			inputFileListPaths = (
				"${PODS_ROOT}/Target Support Files/Pods-RickAndMorty/Pods-RickAndMorty-frameworks-${CONFIGURATION}-input-files.xcfilelist",
			);
			name = "[CP] Embed Pods Frameworks";
			outputFileListPaths = (
				"${PODS_ROOT}/Target Support Files/Pods-RickAndMorty/Pods-RickAndMorty-frameworks-${CONFIGURATION}-output-files.xcfilelist",
			);
			runOnlyForDeploymentPostprocessing = 0;
			shellPath = /bin/sh;
			shellScript = "\"${PODS_ROOT}/Target Support Files/Pods-RickAndMorty/Pods-RickAndMorty-frameworks.sh\"\n";
			showEnvVarsInLog = 0;
		};
/* End PBXShellScriptBuildPhase section */

/* Begin PBXSourcesBuildPhase section */
		6335143423100D5B0042AEF3 /* Sources */ = {
			isa = PBXSourcesBuildPhase;
			buildActionMask = 2147483647;
			files = (
				6335143523100D5B0042AEF3 /* ViewController.swift in Sources */,
				6335143623100D5B0042AEF3 /* EpisodePresenter.swift in Sources */,
				6335143723100D5B0042AEF3 /* Episode.swift in Sources */,
				6335143823100D5B0042AEF3 /* IdentifiableCell.swift in Sources */,
				6335143923100D5B0042AEF3 /* PagedInfoLocation.swift in Sources */,
				6335143A23100D5B0042AEF3 /* EpisodeCollectionViewController.swift in Sources */,
				6335143B23100D5B0042AEF3 /* CharacterPresenter.swift in Sources */,
				6335143C23100D5B0042AEF3 /* FirebaseController.swift in Sources */,
				6335143D23100D5B0042AEF3 /* Location.swift in Sources */,
				6335143E23100D5B0042AEF3 /* LocationCollectionViewController.swift in Sources */,
				6335143F23100D5B0042AEF3 /* LocationCollectionViewCell.swift in Sources */,
				6335144023100D5B0042AEF3 /* CharacterTableViewController.swift in Sources */,
				6335144123100D5B0042AEF3 /* CharacterTableViewCell.swift in Sources */,
				6335144223100D5B0042AEF3 /* PagedInfoEpisode.swift in Sources */,
				6335144323100D5B0042AEF3 /* Character.swift in Sources */,
				6335144423100D5B0042AEF3 /* LocationPresenter.swift in Sources */,
				6335144523100D5B0042AEF3 /* PagedInfoController.swift in Sources */,
				6335144623100D5B0042AEF3 /* AppDelegate.swift in Sources */,
				6335144723100D5B0042AEF3 /* FirebaseRegisterViewController.swift in Sources */,
				6335144823100D5B0042AEF3 /* EpisodeCollectionViewCell.swift in Sources */,
				6335144923100D5B0042AEF3 /* CharacterDetailTableViewController.swift in Sources */,
				6335144A23100D5B0042AEF3 /* PagedInfoCharacter.swift in Sources */,
				6335144B23100D5B0042AEF3 /* User.swift in Sources */,
			);
			runOnlyForDeploymentPostprocessing = 0;
		};
		8454D9E42303DCAD000982C1 /* Sources */ = {
			isa = PBXSourcesBuildPhase;
			buildActionMask = 2147483647;
			files = (
				8454D9EE2303DCAD000982C1 /* ViewController.swift in Sources */,
				6335142D230E95D30042AEF3 /* EpisodePresenter.swift in Sources */,
				6334FDEC230A90D5003E8D25 /* Episode.swift in Sources */,
				8454DA032303E214000982C1 /* IdentifiableCell.swift in Sources */,
				6334FDF0230A9607003E8D25 /* PagedInfoLocation.swift in Sources */,
				6334FDF2230A97AC003E8D25 /* EpisodeCollectionViewController.swift in Sources */,
				6335142B230E84750042AEF3 /* CharacterPresenter.swift in Sources */,
				63CC202C230D1DE600A81E9A /* FirebaseController.swift in Sources */,
				84F9B90623043A510028F297 /* Location.swift in Sources */,
				6334FDF8230AC14A003E8D25 /* LocationCollectionViewController.swift in Sources */,
				6334FDF6230AC12A003E8D25 /* LocationCollectionViewCell.swift in Sources */,
				84F9B8FE23041F4F0028F297 /* CharacterTableViewController.swift in Sources */,
				8454DA0F2303E642000982C1 /* CharacterTableViewCell.swift in Sources */,
				6334FDEE230A954F003E8D25 /* PagedInfoEpisode.swift in Sources */,
				8454DA0C2303E427000982C1 /* Character.swift in Sources */,
				6335142F230E95E10042AEF3 /* LocationPresenter.swift in Sources */,
				84F9B902230421750028F297 /* PagedInfoController.swift in Sources */,
				8454D9EC2303DCAD000982C1 /* AppDelegate.swift in Sources */,
				63CC202A230C0D1200A81E9A /* FirebaseRegisterViewController.swift in Sources */,
				6334FDF4230AAD0F003E8D25 /* EpisodeCollectionViewCell.swift in Sources */,
				84F9B904230438FF0028F297 /* CharacterDetailTableViewController.swift in Sources */,
				8454DA122303F6C6000982C1 /* PagedInfoCharacter.swift in Sources */,
				63351431230EA9910042AEF3 /* User.swift in Sources */,
			);
			runOnlyForDeploymentPostprocessing = 0;
		};
/* End PBXSourcesBuildPhase section */

/* Begin PBXVariantGroup section */
		8454D9EF2303DCAD000982C1 /* Main.storyboard */ = {
			isa = PBXVariantGroup;
			children = (
				8454D9F02303DCAD000982C1 /* Base */,
			);
			name = Main.storyboard;
			sourceTree = "<group>";
		};
		8454D9F42303DCAD000982C1 /* LaunchScreen.storyboard */ = {
			isa = PBXVariantGroup;
			children = (
				8454D9F52303DCAD000982C1 /* Base */,
			);
			name = LaunchScreen.storyboard;
			sourceTree = "<group>";
		};
/* End PBXVariantGroup section */

/* Begin XCBuildConfiguration section */
		6335145623100D5B0042AEF3 /* Debug */ = {
			isa = XCBuildConfiguration;
			baseConfigurationReference = 5BE6E3185024FFE5F7A27EDC /* Pods-RickAndMorty.debug.xcconfig */;
			buildSettings = {
				ASSETCATALOG_COMPILER_APPICON_NAME = AppIcon;
				CODE_SIGN_STYLE = Automatic;
				INFOPLIST_FILE = "RickAndMortyMVP copy-Info.plist";
				LD_RUNPATH_SEARCH_PATHS = (
					"$(inherited)",
					"@executable_path/Frameworks",
				);
				PRODUCT_BUNDLE_IDENTIFIER = com.RickAndMortyMVP;
				PRODUCT_NAME = "$(TARGET_NAME)";
				SWIFT_VERSION = 5.0;
				TARGETED_DEVICE_FAMILY = "1,2";
			};
			name = Debug;
		};
		6335145723100D5B0042AEF3 /* Release */ = {
			isa = XCBuildConfiguration;
			baseConfigurationReference = 5408EC4715534EF18388C059 /* Pods-RickAndMorty.release.xcconfig */;
			buildSettings = {
				ASSETCATALOG_COMPILER_APPICON_NAME = AppIcon;
				CODE_SIGN_STYLE = Automatic;
				INFOPLIST_FILE = "RickAndMortyMVP copy-Info.plist";
				LD_RUNPATH_SEARCH_PATHS = (
					"$(inherited)",
					"@executable_path/Frameworks",
				);
				PRODUCT_BUNDLE_IDENTIFIER = com.RickAndMortyMVP;
				PRODUCT_NAME = "$(TARGET_NAME)";
				SWIFT_VERSION = 5.0;
				TARGETED_DEVICE_FAMILY = "1,2";
			};
			name = Release;
		};
		8454D9F82303DCAD000982C1 /* Debug */ = {
			isa = XCBuildConfiguration;
			buildSettings = {
				ALWAYS_SEARCH_USER_PATHS = NO;
				CLANG_ANALYZER_NONNULL = YES;
				CLANG_ANALYZER_NUMBER_OBJECT_CONVERSION = YES_AGGRESSIVE;
				CLANG_CXX_LANGUAGE_STANDARD = "gnu++14";
				CLANG_CXX_LIBRARY = "libc++";
				CLANG_ENABLE_MODULES = YES;
				CLANG_ENABLE_OBJC_ARC = YES;
				CLANG_ENABLE_OBJC_WEAK = YES;
				CLANG_WARN_BLOCK_CAPTURE_AUTORELEASING = YES;
				CLANG_WARN_BOOL_CONVERSION = YES;
				CLANG_WARN_COMMA = YES;
				CLANG_WARN_CONSTANT_CONVERSION = YES;
				CLANG_WARN_DEPRECATED_OBJC_IMPLEMENTATIONS = YES;
				CLANG_WARN_DIRECT_OBJC_ISA_USAGE = YES_ERROR;
				CLANG_WARN_DOCUMENTATION_COMMENTS = YES;
				CLANG_WARN_EMPTY_BODY = YES;
				CLANG_WARN_ENUM_CONVERSION = YES;
				CLANG_WARN_INFINITE_RECURSION = YES;
				CLANG_WARN_INT_CONVERSION = YES;
				CLANG_WARN_NON_LITERAL_NULL_CONVERSION = YES;
				CLANG_WARN_OBJC_IMPLICIT_RETAIN_SELF = YES;
				CLANG_WARN_OBJC_LITERAL_CONVERSION = YES;
				CLANG_WARN_OBJC_ROOT_CLASS = YES_ERROR;
				CLANG_WARN_RANGE_LOOP_ANALYSIS = YES;
				CLANG_WARN_STRICT_PROTOTYPES = YES;
				CLANG_WARN_SUSPICIOUS_MOVE = YES;
				CLANG_WARN_UNGUARDED_AVAILABILITY = YES_AGGRESSIVE;
				CLANG_WARN_UNREACHABLE_CODE = YES;
				CLANG_WARN__DUPLICATE_METHOD_MATCH = YES;
				CODE_SIGN_IDENTITY = "iPhone Developer";
				COPY_PHASE_STRIP = NO;
				DEBUG_INFORMATION_FORMAT = dwarf;
				ENABLE_STRICT_OBJC_MSGSEND = YES;
				ENABLE_TESTABILITY = YES;
				GCC_C_LANGUAGE_STANDARD = gnu11;
				GCC_DYNAMIC_NO_PIC = NO;
				GCC_NO_COMMON_BLOCKS = YES;
				GCC_OPTIMIZATION_LEVEL = 0;
				GCC_PREPROCESSOR_DEFINITIONS = (
					"DEBUG=1",
					"$(inherited)",
				);
				GCC_WARN_64_TO_32_BIT_CONVERSION = YES;
				GCC_WARN_ABOUT_RETURN_TYPE = YES_ERROR;
				GCC_WARN_UNDECLARED_SELECTOR = YES;
				GCC_WARN_UNINITIALIZED_AUTOS = YES_AGGRESSIVE;
				GCC_WARN_UNUSED_FUNCTION = YES;
				GCC_WARN_UNUSED_VARIABLE = YES;
				IPHONEOS_DEPLOYMENT_TARGET = 12.2;
				MTL_ENABLE_DEBUG_INFO = INCLUDE_SOURCE;
				MTL_FAST_MATH = YES;
				ONLY_ACTIVE_ARCH = YES;
				SDKROOT = iphoneos;
				SWIFT_ACTIVE_COMPILATION_CONDITIONS = DEBUG;
				SWIFT_OPTIMIZATION_LEVEL = "-Onone";
			};
			name = Debug;
		};
		8454D9F92303DCAD000982C1 /* Release */ = {
			isa = XCBuildConfiguration;
			buildSettings = {
				ALWAYS_SEARCH_USER_PATHS = NO;
				CLANG_ANALYZER_NONNULL = YES;
				CLANG_ANALYZER_NUMBER_OBJECT_CONVERSION = YES_AGGRESSIVE;
				CLANG_CXX_LANGUAGE_STANDARD = "gnu++14";
				CLANG_CXX_LIBRARY = "libc++";
				CLANG_ENABLE_MODULES = YES;
				CLANG_ENABLE_OBJC_ARC = YES;
				CLANG_ENABLE_OBJC_WEAK = YES;
				CLANG_WARN_BLOCK_CAPTURE_AUTORELEASING = YES;
				CLANG_WARN_BOOL_CONVERSION = YES;
				CLANG_WARN_COMMA = YES;
				CLANG_WARN_CONSTANT_CONVERSION = YES;
				CLANG_WARN_DEPRECATED_OBJC_IMPLEMENTATIONS = YES;
				CLANG_WARN_DIRECT_OBJC_ISA_USAGE = YES_ERROR;
				CLANG_WARN_DOCUMENTATION_COMMENTS = YES;
				CLANG_WARN_EMPTY_BODY = YES;
				CLANG_WARN_ENUM_CONVERSION = YES;
				CLANG_WARN_INFINITE_RECURSION = YES;
				CLANG_WARN_INT_CONVERSION = YES;
				CLANG_WARN_NON_LITERAL_NULL_CONVERSION = YES;
				CLANG_WARN_OBJC_IMPLICIT_RETAIN_SELF = YES;
				CLANG_WARN_OBJC_LITERAL_CONVERSION = YES;
				CLANG_WARN_OBJC_ROOT_CLASS = YES_ERROR;
				CLANG_WARN_RANGE_LOOP_ANALYSIS = YES;
				CLANG_WARN_STRICT_PROTOTYPES = YES;
				CLANG_WARN_SUSPICIOUS_MOVE = YES;
				CLANG_WARN_UNGUARDED_AVAILABILITY = YES_AGGRESSIVE;
				CLANG_WARN_UNREACHABLE_CODE = YES;
				CLANG_WARN__DUPLICATE_METHOD_MATCH = YES;
				CODE_SIGN_IDENTITY = "iPhone Developer";
				COPY_PHASE_STRIP = NO;
				DEBUG_INFORMATION_FORMAT = "dwarf-with-dsym";
				ENABLE_NS_ASSERTIONS = NO;
				ENABLE_STRICT_OBJC_MSGSEND = YES;
				GCC_C_LANGUAGE_STANDARD = gnu11;
				GCC_NO_COMMON_BLOCKS = YES;
				GCC_WARN_64_TO_32_BIT_CONVERSION = YES;
				GCC_WARN_ABOUT_RETURN_TYPE = YES_ERROR;
				GCC_WARN_UNDECLARED_SELECTOR = YES;
				GCC_WARN_UNINITIALIZED_AUTOS = YES_AGGRESSIVE;
				GCC_WARN_UNUSED_FUNCTION = YES;
				GCC_WARN_UNUSED_VARIABLE = YES;
				IPHONEOS_DEPLOYMENT_TARGET = 12.2;
				MTL_ENABLE_DEBUG_INFO = NO;
				MTL_FAST_MATH = YES;
				SDKROOT = iphoneos;
				SWIFT_COMPILATION_MODE = wholemodule;
				SWIFT_OPTIMIZATION_LEVEL = "-O";
				VALIDATE_PRODUCT = YES;
			};
			name = Release;
		};
		8454D9FB2303DCAD000982C1 /* Debug */ = {
			isa = XCBuildConfiguration;
			baseConfigurationReference = 5BE6E3185024FFE5F7A27EDC /* Pods-RickAndMorty.debug.xcconfig */;
			buildSettings = {
				ASSETCATALOG_COMPILER_APPICON_NAME = AppIcon;
				CODE_SIGN_STYLE = Automatic;
				INFOPLIST_FILE = RickAndMortyMVP/Info.plist;
				LD_RUNPATH_SEARCH_PATHS = (
					"$(inherited)",
					"@executable_path/Frameworks",
				);
				PRODUCT_BUNDLE_IDENTIFIER = com.RickAndMortyMVP;
				PRODUCT_NAME = "$(TARGET_NAME)";
				SWIFT_ACTIVE_COMPILATION_CONDITIONS = RELEASE;
				SWIFT_VERSION = 5.0;
				TARGETED_DEVICE_FAMILY = "1,2";
			};
			name = Debug;
		};
		8454D9FC2303DCAD000982C1 /* Release */ = {
			isa = XCBuildConfiguration;
			baseConfigurationReference = 5408EC4715534EF18388C059 /* Pods-RickAndMorty.release.xcconfig */;
			buildSettings = {
				ASSETCATALOG_COMPILER_APPICON_NAME = AppIcon;
				CODE_SIGN_STYLE = Automatic;
				INFOPLIST_FILE = RickAndMortyMVP/Info.plist;
				LD_RUNPATH_SEARCH_PATHS = (
					"$(inherited)",
					"@executable_path/Frameworks",
				);
				PRODUCT_BUNDLE_IDENTIFIER = com.RickAndMortyMVP;
				PRODUCT_NAME = "$(TARGET_NAME)";
				SWIFT_VERSION = 5.0;
				TARGETED_DEVICE_FAMILY = "1,2";
			};
			name = Release;
		};
/* End XCBuildConfiguration section */

/* Begin XCConfigurationList section */
		6335145523100D5B0042AEF3 /* Build configuration list for PBXNativeTarget "RickAndMortyMVP-debug" */ = {
			isa = XCConfigurationList;
			buildConfigurations = (
				6335145623100D5B0042AEF3 /* Debug */,
				6335145723100D5B0042AEF3 /* Release */,
			);
			defaultConfigurationIsVisible = 0;
			defaultConfigurationName = Release;
		};
		8454D9E32303DCAD000982C1 /* Build configuration list for PBXProject "RickAndMortyMVP" */ = {
			isa = XCConfigurationList;
			buildConfigurations = (
				8454D9F82303DCAD000982C1 /* Debug */,
				8454D9F92303DCAD000982C1 /* Release */,
			);
			defaultConfigurationIsVisible = 0;
			defaultConfigurationName = Release;
		};
		8454D9FA2303DCAD000982C1 /* Build configuration list for PBXNativeTarget "RickAndMortyMVP" */ = {
			isa = XCConfigurationList;
			buildConfigurations = (
				8454D9FB2303DCAD000982C1 /* Debug */,
				8454D9FC2303DCAD000982C1 /* Release */,
			);
			defaultConfigurationIsVisible = 0;
			defaultConfigurationName = Release;
		};
/* End XCConfigurationList section */
	};
	rootObject = 8454D9E02303DCAD000982C1 /* Project object */;
}
